// !$*UTF8*$!
{
	archiveVersion = 1;
	classes = {
	};
	objectVersion = 77;
	objects = {

/* Begin PBXBuildFile section */
		1034412D2EBC32260083F417 /* FirebaseAI in Frameworks */ = {isa = PBXBuildFile; productRef = 1034412C2EBC32260083F417 /* FirebaseAI */; };
		1034412F2EBC32260083F417 /* FirebaseAILogic in Frameworks */ = {isa = PBXBuildFile; productRef = 1034412E2EBC32260083F417 /* FirebaseAILogic */; };
		103441312EBC32260083F417 /* FirebaseAnalytics in Frameworks */ = {isa = PBXBuildFile; productRef = 103441302EBC32260083F417 /* FirebaseAnalytics */; };
		103441332EBC32260083F417 /* FirebaseAnalyticsCore in Frameworks */ = {isa = PBXBuildFile; productRef = 103441322EBC32260083F417 /* FirebaseAnalyticsCore */; };
		103441352EBC32260083F417 /* FirebaseAnalyticsIdentitySupport in Frameworks */ = {isa = PBXBuildFile; productRef = 103441342EBC32260083F417 /* FirebaseAnalyticsIdentitySupport */; };
		103441382EBC348E0083F417 /* SDWebImageSwiftUI in Frameworks */ = {isa = PBXBuildFile; productRef = 103441372EBC348E0083F417 /* SDWebImageSwiftUI */; };
		1034413B2EBC37130083F417 /* GoogleSignIn in Frameworks */ = {isa = PBXBuildFile; productRef = 1034413A2EBC37130083F417 /* GoogleSignIn */; };
		1034413D2EBC37130083F417 /* GoogleSignInSwift in Frameworks */ = {isa = PBXBuildFile; productRef = 1034413C2EBC37130083F417 /* GoogleSignInSwift */; };
		103441BC2EBD010B0083F417 /* FirebaseAuth in Frameworks */ = {isa = PBXBuildFile; productRef = 103441BB2EBD010B0083F417 /* FirebaseAuth */; };
		103441C22EBD16240083F417 /* FirebaseFirestore in Frameworks */ = {isa = PBXBuildFile; productRef = 103441C12EBD16240083F417 /* FirebaseFirestore */; };
		10AE0C362EC23D7A004C0A5F /* FirebaseStorage in Frameworks */ = {isa = PBXBuildFile; productRef = 10AE0C352EC23D7A004C0A5F /* FirebaseStorage */; };
		28A6597B2EDA0CA000B36540 /* FirebaseMessaging in Frameworks */ = {isa = PBXBuildFile; productRef = 28A6597A2EDA0CA000B36540 /* FirebaseMessaging */; };
/* End PBXBuildFile section */

/* Begin PBXContainerItemProxy section */
		1034410F2EBC30B70083F417 /* PBXContainerItemProxy */ = {
			isa = PBXContainerItemProxy;
			containerPortal = 103440F92EBC30B50083F417 /* Project object */;
			proxyType = 1;
			remoteGlobalIDString = 103441002EBC30B50083F417;
			remoteInfo = food;
		};
		103441192EBC30B80083F417 /* PBXContainerItemProxy */ = {
			isa = PBXContainerItemProxy;
			containerPortal = 103440F92EBC30B50083F417 /* Project object */;
			proxyType = 1;
			remoteGlobalIDString = 103441002EBC30B50083F417;
			remoteInfo = food;
		};
/* End PBXContainerItemProxy section */

/* Begin PBXFileReference section */
		103441012EBC30B50083F417 /* food.app */ = {isa = PBXFileReference; explicitFileType = wrapper.application; includeInIndex = 0; path = food.app; sourceTree = BUILT_PRODUCTS_DIR; };
		1034410E2EBC30B70083F417 /* foodTests.xctest */ = {isa = PBXFileReference; explicitFileType = wrapper.cfbundle; includeInIndex = 0; path = foodTests.xctest; sourceTree = BUILT_PRODUCTS_DIR; };
		103441182EBC30B80083F417 /* foodUITests.xctest */ = {isa = PBXFileReference; explicitFileType = wrapper.cfbundle; includeInIndex = 0; path = foodUITests.xctest; sourceTree = BUILT_PRODUCTS_DIR; };
/* End PBXFileReference section */

/* Begin PBXFileSystemSynchronizedBuildFileExceptionSet section */
		1034419A2EBC3CF20083F417 /* Exceptions for "food" folder in "foodTests" target */ = {
			isa = PBXFileSystemSynchronizedBuildFileExceptionSet;
			membershipExceptions = (
				"GoogleService-Info.plist",
			);
			target = 1034410D2EBC30B70083F417 /* foodTests */;
		};
		1034419B2EBC3CF20083F417 /* Exceptions for "food" folder in "foodUITests" target */ = {
			isa = PBXFileSystemSynchronizedBuildFileExceptionSet;
			membershipExceptions = (
				"GoogleService-Info.plist",
			);
			target = 103441172EBC30B80083F417 /* foodUITests */;
		};
		1034419D2EBC3E950083F417 /* Exceptions for "food" folder in "food" target */ = {
			isa = PBXFileSystemSynchronizedBuildFileExceptionSet;
			membershipExceptions = (
				Info.plist,
			);
			target = 103441002EBC30B50083F417 /* food */;
		};
/* End PBXFileSystemSynchronizedBuildFileExceptionSet section */

/* Begin PBXFileSystemSynchronizedRootGroup section */
		103441032EBC30B50083F417 /* food */ = {
			isa = PBXFileSystemSynchronizedRootGroup;
			exceptions = (
				1034419D2EBC3E950083F417 /* Exceptions for "food" folder in "food" target */,
				1034419A2EBC3CF20083F417 /* Exceptions for "food" folder in "foodTests" target */,
				1034419B2EBC3CF20083F417 /* Exceptions for "food" folder in "foodUITests" target */,
			);
			path = food;
			sourceTree = "<group>";
		};
		103441112EBC30B70083F417 /* foodTests */ = {
			isa = PBXFileSystemSynchronizedRootGroup;
			path = foodTests;
			sourceTree = "<group>";
		};
		1034411B2EBC30B80083F417 /* foodUITests */ = {
			isa = PBXFileSystemSynchronizedRootGroup;
			path = foodUITests;
			sourceTree = "<group>";
		};
/* End PBXFileSystemSynchronizedRootGroup section */

/* Begin PBXFrameworksBuildPhase section */
		103440FE2EBC30B50083F417 /* Frameworks */ = {
			isa = PBXFrameworksBuildPhase;
			buildActionMask = 2147483647;
			files = (
				28A6597B2EDA0CA000B36540 /* FirebaseMessaging in Frameworks */,
				103441382EBC348E0083F417 /* SDWebImageSwiftUI in Frameworks */,
				1034412F2EBC32260083F417 /* FirebaseAILogic in Frameworks */,
				103441352EBC32260083F417 /* FirebaseAnalyticsIdentitySupport in Frameworks */,
				103441C22EBD16240083F417 /* FirebaseFirestore in Frameworks */,
				1034413D2EBC37130083F417 /* GoogleSignInSwift in Frameworks */,
				103441BC2EBD010B0083F417 /* FirebaseAuth in Frameworks */,
				1034412D2EBC32260083F417 /* FirebaseAI in Frameworks */,
				103441312EBC32260083F417 /* FirebaseAnalytics in Frameworks */,
				10AE0C362EC23D7A004C0A5F /* FirebaseStorage in Frameworks */,
				103441332EBC32260083F417 /* FirebaseAnalyticsCore in Frameworks */,
				1034413B2EBC37130083F417 /* GoogleSignIn in Frameworks */,
			);
			runOnlyForDeploymentPostprocessing = 0;
		};
		1034410B2EBC30B70083F417 /* Frameworks */ = {
			isa = PBXFrameworksBuildPhase;
			buildActionMask = 2147483647;
			files = (
			);
			runOnlyForDeploymentPostprocessing = 0;
		};
		103441152EBC30B80083F417 /* Frameworks */ = {
			isa = PBXFrameworksBuildPhase;
			buildActionMask = 2147483647;
			files = (
			);
			runOnlyForDeploymentPostprocessing = 0;
		};
/* End PBXFrameworksBuildPhase section */

/* Begin PBXGroup section */
		103440F82EBC30B40083F417 = {
			isa = PBXGroup;
			children = (
				103441032EBC30B50083F417 /* food */,
				103441112EBC30B70083F417 /* foodTests */,
				1034411B2EBC30B80083F417 /* foodUITests */,
				103441BA2EBD010B0083F417 /* Frameworks */,
				103441022EBC30B50083F417 /* Products */,
			);
			sourceTree = "<group>";
		};
		103441022EBC30B50083F417 /* Products */ = {
			isa = PBXGroup;
			children = (
				103441012EBC30B50083F417 /* food.app */,
				1034410E2EBC30B70083F417 /* foodTests.xctest */,
				103441182EBC30B80083F417 /* foodUITests.xctest */,
			);
			name = Products;
			sourceTree = "<group>";
		};
		103441BA2EBD010B0083F417 /* Frameworks */ = {
			isa = PBXGroup;
			children = (
			);
			name = Frameworks;
			sourceTree = "<group>";
		};
/* End PBXGroup section */

/* Begin PBXNativeTarget section */
		103441002EBC30B50083F417 /* food */ = {
			isa = PBXNativeTarget;
			buildConfigurationList = 103441222EBC30B80083F417 /* Build configuration list for PBXNativeTarget "food" */;
			buildPhases = (
				103440FD2EBC30B50083F417 /* Sources */,
				103440FE2EBC30B50083F417 /* Frameworks */,
				103440FF2EBC30B50083F417 /* Resources */,
			);
			buildRules = (
			);
			dependencies = (
			);
			fileSystemSynchronizedGroups = (
				103441032EBC30B50083F417 /* food */,
			);
			name = food;
			packageProductDependencies = (
				1034412C2EBC32260083F417 /* FirebaseAI */,
				1034412E2EBC32260083F417 /* FirebaseAILogic */,
				103441302EBC32260083F417 /* FirebaseAnalytics */,
				103441322EBC32260083F417 /* FirebaseAnalyticsCore */,
				103441342EBC32260083F417 /* FirebaseAnalyticsIdentitySupport */,
				103441372EBC348E0083F417 /* SDWebImageSwiftUI */,
				1034413A2EBC37130083F417 /* GoogleSignIn */,
				1034413C2EBC37130083F417 /* GoogleSignInSwift */,
				103441BB2EBD010B0083F417 /* FirebaseAuth */,
				103441C12EBD16240083F417 /* FirebaseFirestore */,
				10AE0C352EC23D7A004C0A5F /* FirebaseStorage */,
				28A6597A2EDA0CA000B36540 /* FirebaseMessaging */,
			);
			productName = food;
			productReference = 103441012EBC30B50083F417 /* food.app */;
			productType = "com.apple.product-type.application";
		};
		1034410D2EBC30B70083F417 /* foodTests */ = {
			isa = PBXNativeTarget;
			buildConfigurationList = 103441252EBC30B80083F417 /* Build configuration list for PBXNativeTarget "foodTests" */;
			buildPhases = (
				1034410A2EBC30B70083F417 /* Sources */,
				1034410B2EBC30B70083F417 /* Frameworks */,
				1034410C2EBC30B70083F417 /* Resources */,
			);
			buildRules = (
			);
			dependencies = (
				103441102EBC30B70083F417 /* PBXTargetDependency */,
			);
			fileSystemSynchronizedGroups = (
				103441112EBC30B70083F417 /* foodTests */,
			);
			name = foodTests;
			packageProductDependencies = (
			);
			productName = foodTests;
			productReference = 1034410E2EBC30B70083F417 /* foodTests.xctest */;
			productType = "com.apple.product-type.bundle.unit-test";
		};
		103441172EBC30B80083F417 /* foodUITests */ = {
			isa = PBXNativeTarget;
			buildConfigurationList = 103441282EBC30B80083F417 /* Build configuration list for PBXNativeTarget "foodUITests" */;
			buildPhases = (
				103441142EBC30B80083F417 /* Sources */,
				103441152EBC30B80083F417 /* Frameworks */,
				103441162EBC30B80083F417 /* Resources */,
			);
			buildRules = (
			);
			dependencies = (
				1034411A2EBC30B80083F417 /* PBXTargetDependency */,
			);
			fileSystemSynchronizedGroups = (
				1034411B2EBC30B80083F417 /* foodUITests */,
			);
			name = foodUITests;
			packageProductDependencies = (
			);
			productName = foodUITests;
			productReference = 103441182EBC30B80083F417 /* foodUITests.xctest */;
			productType = "com.apple.product-type.bundle.ui-testing";
		};
/* End PBXNativeTarget section */

/* Begin PBXProject section */
		103440F92EBC30B50083F417 /* Project object */ = {
			isa = PBXProject;
			attributes = {
				BuildIndependentTargetsInParallel = 1;
				LastSwiftUpdateCheck = 2610;
				LastUpgradeCheck = 2610;
				TargetAttributes = {
					103441002EBC30B50083F417 = {
						CreatedOnToolsVersion = 26.1;
					};
					1034410D2EBC30B70083F417 = {
						CreatedOnToolsVersion = 26.1;
						TestTargetID = 103441002EBC30B50083F417;
					};
					103441172EBC30B80083F417 = {
						CreatedOnToolsVersion = 26.1;
						TestTargetID = 103441002EBC30B50083F417;
					};
				};
			};
			buildConfigurationList = 103440FC2EBC30B50083F417 /* Build configuration list for PBXProject "food" */;
			developmentRegion = en;
			hasScannedForEncodings = 0;
			knownRegions = (
				en,
				Base,
			);
			mainGroup = 103440F82EBC30B40083F417;
			minimizedProjectReferenceProxies = 1;
			packageReferences = (
				1034412B2EBC32260083F417 /* XCRemoteSwiftPackageReference "firebase-ios-sdk" */,
				103441362EBC348E0083F417 /* XCRemoteSwiftPackageReference "SDWebImageSwiftUI" */,
				103441392EBC37130083F417 /* XCRemoteSwiftPackageReference "GoogleSignIn-iOS" */,
			);
			preferredProjectObjectVersion = 77;
			productRefGroup = 103441022EBC30B50083F417 /* Products */;
			projectDirPath = "";
			projectRoot = "";
			targets = (
				103441002EBC30B50083F417 /* food */,
				1034410D2EBC30B70083F417 /* foodTests */,
				103441172EBC30B80083F417 /* foodUITests */,
			);
		};
/* End PBXProject section */

/* Begin PBXResourcesBuildPhase section */
		103440FF2EBC30B50083F417 /* Resources */ = {
			isa = PBXResourcesBuildPhase;
			buildActionMask = 2147483647;
			files = (
			);
			runOnlyForDeploymentPostprocessing = 0;
		};
		1034410C2EBC30B70083F417 /* Resources */ = {
			isa = PBXResourcesBuildPhase;
			buildActionMask = 2147483647;
			files = (
			);
			runOnlyForDeploymentPostprocessing = 0;
		};
		103441162EBC30B80083F417 /* Resources */ = {
			isa = PBXResourcesBuildPhase;
			buildActionMask = 2147483647;
			files = (
			);
			runOnlyForDeploymentPostprocessing = 0;
		};
/* End PBXResourcesBuildPhase section */

/* Begin PBXSourcesBuildPhase section */
		103440FD2EBC30B50083F417 /* Sources */ = {
			isa = PBXSourcesBuildPhase;
			buildActionMask = 2147483647;
			files = (
			);
			runOnlyForDeploymentPostprocessing = 0;
		};
		1034410A2EBC30B70083F417 /* Sources */ = {
			isa = PBXSourcesBuildPhase;
			buildActionMask = 2147483647;
			files = (
			);
			runOnlyForDeploymentPostprocessing = 0;
		};
		103441142EBC30B80083F417 /* Sources */ = {
			isa = PBXSourcesBuildPhase;
			buildActionMask = 2147483647;
			files = (
			);
			runOnlyForDeploymentPostprocessing = 0;
		};
/* End PBXSourcesBuildPhase section */

/* Begin PBXTargetDependency section */
		103441102EBC30B70083F417 /* PBXTargetDependency */ = {
			isa = PBXTargetDependency;
			target = 103441002EBC30B50083F417 /* food */;
			targetProxy = 1034410F2EBC30B70083F417 /* PBXContainerItemProxy */;
		};
		1034411A2EBC30B80083F417 /* PBXTargetDependency */ = {
			isa = PBXTargetDependency;
			target = 103441002EBC30B50083F417 /* food */;
			targetProxy = 103441192EBC30B80083F417 /* PBXContainerItemProxy */;
		};
/* End PBXTargetDependency section */

/* Begin XCBuildConfiguration section */
		103441202EBC30B80083F417 /* Debug */ = {
			isa = XCBuildConfiguration;
			buildSettings = {
				ALWAYS_SEARCH_USER_PATHS = NO;
				ASSETCATALOG_COMPILER_GENERATE_SWIFT_ASSET_SYMBOL_EXTENSIONS = YES;
				CLANG_ANALYZER_NONNULL = YES;
				CLANG_ANALYZER_NUMBER_OBJECT_CONVERSION = YES_AGGRESSIVE;
				CLANG_CXX_LANGUAGE_STANDARD = "gnu++20";
				CLANG_ENABLE_MODULES = YES;
				CLANG_ENABLE_OBJC_ARC = YES;
				CLANG_ENABLE_OBJC_WEAK = YES;
				CLANG_WARN_BLOCK_CAPTURE_AUTORELEASING = YES;
				CLANG_WARN_BOOL_CONVERSION = YES;
				CLANG_WARN_COMMA = YES;
				CLANG_WARN_CONSTANT_CONVERSION = YES;
				CLANG_WARN_DEPRECATED_OBJC_IMPLEMENTATIONS = YES;
				CLANG_WARN_DIRECT_OBJC_ISA_USAGE = YES_ERROR;
				CLANG_WARN_DOCUMENTATION_COMMENTS = YES;
				CLANG_WARN_EMPTY_BODY = YES;
				CLANG_WARN_ENUM_CONVERSION = YES;
				CLANG_WARN_INFINITE_RECURSION = YES;
				CLANG_WARN_INT_CONVERSION = YES;
				CLANG_WARN_NON_LITERAL_NULL_CONVERSION = YES;
				CLANG_WARN_OBJC_IMPLICIT_RETAIN_SELF = YES;
				CLANG_WARN_OBJC_LITERAL_CONVERSION = YES;
				CLANG_WARN_OBJC_ROOT_CLASS = YES_ERROR;
				CLANG_WARN_QUOTED_INCLUDE_IN_FRAMEWORK_HEADER = YES;
				CLANG_WARN_RANGE_LOOP_ANALYSIS = YES;
				CLANG_WARN_STRICT_PROTOTYPES = YES;
				CLANG_WARN_SUSPICIOUS_MOVE = YES;
				CLANG_WARN_UNGUARDED_AVAILABILITY = YES_AGGRESSIVE;
				CLANG_WARN_UNREACHABLE_CODE = YES;
				CLANG_WARN__DUPLICATE_METHOD_MATCH = YES;
				COPY_PHASE_STRIP = NO;
				DEBUG_INFORMATION_FORMAT = dwarf;
				DEVELOPMENT_TEAM = CPBCR7MX3A;
				ENABLE_STRICT_OBJC_MSGSEND = YES;
				ENABLE_TESTABILITY = YES;
				ENABLE_USER_SCRIPT_SANDBOXING = YES;
				GCC_C_LANGUAGE_STANDARD = gnu17;
				GCC_DYNAMIC_NO_PIC = NO;
				GCC_NO_COMMON_BLOCKS = YES;
				GCC_OPTIMIZATION_LEVEL = 0;
				GCC_PREPROCESSOR_DEFINITIONS = (
					"DEBUG=1",
					"$(inherited)",
				);
				GCC_WARN_64_TO_32_BIT_CONVERSION = YES;
				GCC_WARN_ABOUT_RETURN_TYPE = YES_ERROR;
				GCC_WARN_UNDECLARED_SELECTOR = YES;
				GCC_WARN_UNINITIALIZED_AUTOS = YES_AGGRESSIVE;
				GCC_WARN_UNUSED_FUNCTION = YES;
				GCC_WARN_UNUSED_VARIABLE = YES;
				IPHONEOS_DEPLOYMENT_TARGET = 26.1;
				LOCALIZATION_PREFERS_STRING_CATALOGS = YES;
				MTL_ENABLE_DEBUG_INFO = INCLUDE_SOURCE;
				MTL_FAST_MATH = YES;
				ONLY_ACTIVE_ARCH = YES;
				SDKROOT = iphoneos;
				SWIFT_ACTIVE_COMPILATION_CONDITIONS = "DEBUG $(inherited)";
				SWIFT_OPTIMIZATION_LEVEL = "-Onone";
			};
			name = Debug;
		};
		103441212EBC30B80083F417 /* Release */ = {
			isa = XCBuildConfiguration;
			buildSettings = {
				ALWAYS_SEARCH_USER_PATHS = NO;
				ASSETCATALOG_COMPILER_GENERATE_SWIFT_ASSET_SYMBOL_EXTENSIONS = YES;
				CLANG_ANALYZER_NONNULL = YES;
				CLANG_ANALYZER_NUMBER_OBJECT_CONVERSION = YES_AGGRESSIVE;
				CLANG_CXX_LANGUAGE_STANDARD = "gnu++20";
				CLANG_ENABLE_MODULES = YES;
				CLANG_ENABLE_OBJC_ARC = YES;
				CLANG_ENABLE_OBJC_WEAK = YES;
				CLANG_WARN_BLOCK_CAPTURE_AUTORELEASING = YES;
				CLANG_WARN_BOOL_CONVERSION = YES;
				CLANG_WARN_COMMA = YES;
				CLANG_WARN_CONSTANT_CONVERSION = YES;
				CLANG_WARN_DEPRECATED_OBJC_IMPLEMENTATIONS = YES;
				CLANG_WARN_DIRECT_OBJC_ISA_USAGE = YES_ERROR;
				CLANG_WARN_DOCUMENTATION_COMMENTS = YES;
				CLANG_WARN_EMPTY_BODY = YES;
				CLANG_WARN_ENUM_CONVERSION = YES;
				CLANG_WARN_INFINITE_RECURSION = YES;
				CLANG_WARN_INT_CONVERSION = YES;
				CLANG_WARN_NON_LITERAL_NULL_CONVERSION = YES;
				CLANG_WARN_OBJC_IMPLICIT_RETAIN_SELF = YES;
				CLANG_WARN_OBJC_LITERAL_CONVERSION = YES;
				CLANG_WARN_OBJC_ROOT_CLASS = YES_ERROR;
				CLANG_WARN_QUOTED_INCLUDE_IN_FRAMEWORK_HEADER = YES;
				CLANG_WARN_RANGE_LOOP_ANALYSIS = YES;
				CLANG_WARN_STRICT_PROTOTYPES = YES;
				CLANG_WARN_SUSPICIOUS_MOVE = YES;
				CLANG_WARN_UNGUARDED_AVAILABILITY = YES_AGGRESSIVE;
				CLANG_WARN_UNREACHABLE_CODE = YES;
				CLANG_WARN__DUPLICATE_METHOD_MATCH = YES;
				COPY_PHASE_STRIP = NO;
				DEBUG_INFORMATION_FORMAT = "dwarf-with-dsym";
				DEVELOPMENT_TEAM = CPBCR7MX3A;
				ENABLE_NS_ASSERTIONS = NO;
				ENABLE_STRICT_OBJC_MSGSEND = YES;
				ENABLE_USER_SCRIPT_SANDBOXING = YES;
				GCC_C_LANGUAGE_STANDARD = gnu17;
				GCC_NO_COMMON_BLOCKS = YES;
				GCC_WARN_64_TO_32_BIT_CONVERSION = YES;
				GCC_WARN_ABOUT_RETURN_TYPE = YES_ERROR;
				GCC_WARN_UNDECLARED_SELECTOR = YES;
				GCC_WARN_UNINITIALIZED_AUTOS = YES_AGGRESSIVE;
				GCC_WARN_UNUSED_FUNCTION = YES;
				GCC_WARN_UNUSED_VARIABLE = YES;
				IPHONEOS_DEPLOYMENT_TARGET = 26.1;
				LOCALIZATION_PREFERS_STRING_CATALOGS = YES;
				MTL_ENABLE_DEBUG_INFO = NO;
				MTL_FAST_MATH = YES;
				SDKROOT = iphoneos;
				SWIFT_COMPILATION_MODE = wholemodule;
				UIBackgroundModes = "fetch,remote-notification";
				VALIDATE_PRODUCT = YES;
			};
			name = Release;
		};
		103441232EBC30B80083F417 /* Debug */ = {
			isa = XCBuildConfiguration;
			buildSettings = {
				ASSETCATALOG_COMPILER_APPICON_NAME = AppIcon;
				ASSETCATALOG_COMPILER_GLOBAL_ACCENT_COLOR_NAME = AccentColor;
				CODE_SIGN_ENTITLEMENTS = food/food.entitlements;
				CODE_SIGN_IDENTITY = "Apple Development";
				CODE_SIGN_STYLE = Automatic;
				CURRENT_PROJECT_VERSION = 1;
				DEVELOPMENT_TEAM = CPBCR7MX3A;
				ENABLE_PREVIEWS = YES;
				GENERATE_INFOPLIST_FILE = YES;
				INFOPLIST_FILE = food/Info.plist;
				INFOPLIST_KEY_NSCameraUsageDescription = "Necesitamos usar la cámara para tu imagen de perfil.";
				INFOPLIST_KEY_NSPhotoLibraryUsageDescription = "Necesitamos acceder a tus fotos para tu imagen de perfil.";
				INFOPLIST_KEY_UIApplicationSceneManifest_Generation = YES;
				INFOPLIST_KEY_UIApplicationSupportsIndirectInputEvents = YES;
				INFOPLIST_KEY_UILaunchScreen_Generation = YES;
				INFOPLIST_KEY_UISupportedInterfaceOrientations_iPad = UIInterfaceOrientationPortrait;
				INFOPLIST_KEY_UISupportedInterfaceOrientations_iPhone = UIInterfaceOrientationPortrait;
				IPHONEOS_DEPLOYMENT_TARGET = 17.6;
				LD_RUNPATH_SEARCH_PATHS = (
					"$(inherited)",
					"@executable_path/Frameworks",
				);
				MARKETING_VERSION = 1.0;
				PRODUCT_BUNDLE_IDENTIFIER = com.ginavigrouptest;
				PRODUCT_NAME = "$(TARGET_NAME)";
				PROVISIONING_PROFILE_SPECIFIER = "";
				STRING_CATALOG_GENERATE_SYMBOLS = YES;
				SWIFT_APPROACHABLE_CONCURRENCY = YES;
				SWIFT_DEFAULT_ACTOR_ISOLATION = MainActor;
				SWIFT_EMIT_LOC_STRINGS = YES;
				SWIFT_UPCOMING_FEATURE_MEMBER_IMPORT_VISIBILITY = YES;
				SWIFT_VERSION = 5.0;
				TARGETED_DEVICE_FAMILY = "1,2";
				UIBackgroundModes = "fetch,remote-notification";
			};
			name = Debug;
		};
		103441242EBC30B80083F417 /* Release */ = {
			isa = XCBuildConfiguration;
			buildSettings = {
				ASSETCATALOG_COMPILER_APPICON_NAME = AppIcon;
				ASSETCATALOG_COMPILER_GLOBAL_ACCENT_COLOR_NAME = AccentColor;
				CODE_SIGN_ENTITLEMENTS = food/food.entitlements;
				CODE_SIGN_IDENTITY = "Apple Development";
				CODE_SIGN_STYLE = Automatic;
				CURRENT_PROJECT_VERSION = 1;
				DEVELOPMENT_TEAM = CPBCR7MX3A;
				ENABLE_PREVIEWS = YES;
				GENERATE_INFOPLIST_FILE = YES;
				INFOPLIST_FILE = food/Info.plist;
				INFOPLIST_KEY_NSCameraUsageDescription = "Necesitamos usar la cámara para tu imagen de perfil.";
				INFOPLIST_KEY_NSPhotoLibraryUsageDescription = "Necesitamos acceder a tus fotos para tu imagen de perfil.";
				INFOPLIST_KEY_UIApplicationSceneManifest_Generation = YES;
				INFOPLIST_KEY_UIApplicationSupportsIndirectInputEvents = YES;
				INFOPLIST_KEY_UILaunchScreen_Generation = YES;
				INFOPLIST_KEY_UISupportedInterfaceOrientations_iPad = UIInterfaceOrientationPortrait;
				INFOPLIST_KEY_UISupportedInterfaceOrientations_iPhone = UIInterfaceOrientationPortrait;
				IPHONEOS_DEPLOYMENT_TARGET = 17.6;
				LD_RUNPATH_SEARCH_PATHS = (
					"$(inherited)",
					"@executable_path/Frameworks",
				);
				MARKETING_VERSION = 1.0;
				PRODUCT_BUNDLE_IDENTIFIER = com.ginavigrouptest;
				PRODUCT_NAME = "$(TARGET_NAME)";
				PROVISIONING_PROFILE_SPECIFIER = "";
				STRING_CATALOG_GENERATE_SYMBOLS = YES;
				SWIFT_APPROACHABLE_CONCURRENCY = YES;
				SWIFT_DEFAULT_ACTOR_ISOLATION = MainActor;
				SWIFT_EMIT_LOC_STRINGS = YES;
				SWIFT_UPCOMING_FEATURE_MEMBER_IMPORT_VISIBILITY = YES;
				SWIFT_VERSION = 5.0;
				TARGETED_DEVICE_FAMILY = "1,2";
			};
			name = Release;
		};
		103441262EBC30B80083F417 /* Debug */ = {
			isa = XCBuildConfiguration;
			buildSettings = {
				BUNDLE_LOADER = "$(TEST_HOST)";
				CODE_SIGN_STYLE = Automatic;
				CURRENT_PROJECT_VERSION = 1;
				DEVELOPMENT_TEAM = CPBCR7MX3A;
				GENERATE_INFOPLIST_FILE = YES;
				IPHONEOS_DEPLOYMENT_TARGET = 26.1;
				MARKETING_VERSION = 1.0;
				PRODUCT_BUNDLE_IDENTIFIER = com.ginavigroup.foodTests;
				PRODUCT_NAME = "$(TARGET_NAME)";
				STRING_CATALOG_GENERATE_SYMBOLS = NO;
				SWIFT_APPROACHABLE_CONCURRENCY = YES;
				SWIFT_EMIT_LOC_STRINGS = NO;
				SWIFT_UPCOMING_FEATURE_MEMBER_IMPORT_VISIBILITY = YES;
				SWIFT_VERSION = 5.0;
				TARGETED_DEVICE_FAMILY = "1,2";
				TEST_HOST = "$(BUILT_PRODUCTS_DIR)/food.app/$(BUNDLE_EXECUTABLE_FOLDER_PATH)/food";
			};
			name = Debug;
		};
		103441272EBC30B80083F417 /* Release */ = {
			isa = XCBuildConfiguration;
			buildSettings = {
				BUNDLE_LOADER = "$(TEST_HOST)";
				CODE_SIGN_STYLE = Automatic;
				CURRENT_PROJECT_VERSION = 1;
				DEVELOPMENT_TEAM = CPBCR7MX3A;
				GENERATE_INFOPLIST_FILE = YES;
				IPHONEOS_DEPLOYMENT_TARGET = 26.1;
				MARKETING_VERSION = 1.0;
				PRODUCT_BUNDLE_IDENTIFIER = com.ginavigroup.foodTests;
				PRODUCT_NAME = "$(TARGET_NAME)";
				STRING_CATALOG_GENERATE_SYMBOLS = NO;
				SWIFT_APPROACHABLE_CONCURRENCY = YES;
				SWIFT_EMIT_LOC_STRINGS = NO;
				SWIFT_UPCOMING_FEATURE_MEMBER_IMPORT_VISIBILITY = YES;
				SWIFT_VERSION = 5.0;
				TARGETED_DEVICE_FAMILY = "1,2";
				TEST_HOST = "$(BUILT_PRODUCTS_DIR)/food.app/$(BUNDLE_EXECUTABLE_FOLDER_PATH)/food";
			};
			name = Release;
		};
		103441292EBC30B80083F417 /* Debug */ = {
			isa = XCBuildConfiguration;
			buildSettings = {
				CODE_SIGN_STYLE = Automatic;
				CURRENT_PROJECT_VERSION = 1;
				DEVELOPMENT_TEAM = CPBCR7MX3A;
				GENERATE_INFOPLIST_FILE = YES;
				MARKETING_VERSION = 1.0;
				PRODUCT_BUNDLE_IDENTIFIER = com.ginavigroup.foodUITests;
				PRODUCT_NAME = "$(TARGET_NAME)";
				STRING_CATALOG_GENERATE_SYMBOLS = NO;
				SWIFT_APPROACHABLE_CONCURRENCY = YES;
				SWIFT_EMIT_LOC_STRINGS = NO;
				SWIFT_UPCOMING_FEATURE_MEMBER_IMPORT_VISIBILITY = YES;
				SWIFT_VERSION = 5.0;
				TARGETED_DEVICE_FAMILY = "1,2";
				TEST_TARGET_NAME = food;
			};
			name = Debug;
		};
		1034412A2EBC30B80083F417 /* Release */ = {
			isa = XCBuildConfiguration;
			buildSettings = {
				CODE_SIGN_STYLE = Automatic;
				CURRENT_PROJECT_VERSION = 1;
				DEVELOPMENT_TEAM = CPBCR7MX3A;
				GENERATE_INFOPLIST_FILE = YES;
				MARKETING_VERSION = 1.0;
				PRODUCT_BUNDLE_IDENTIFIER = com.ginavigroup.foodUITests;
				PRODUCT_NAME = "$(TARGET_NAME)";
				STRING_CATALOG_GENERATE_SYMBOLS = NO;
				SWIFT_APPROACHABLE_CONCURRENCY = YES;
				SWIFT_EMIT_LOC_STRINGS = NO;
				SWIFT_UPCOMING_FEATURE_MEMBER_IMPORT_VISIBILITY = YES;
				SWIFT_VERSION = 5.0;
				TARGETED_DEVICE_FAMILY = "1,2";
				TEST_TARGET_NAME = food;
			};
			name = Release;
		};
/* End XCBuildConfiguration section */

/* Begin XCConfigurationList section */
		103440FC2EBC30B50083F417 /* Build configuration list for PBXProject "food" */ = {
			isa = XCConfigurationList;
			buildConfigurations = (
				103441202EBC30B80083F417 /* Debug */,
				103441212EBC30B80083F417 /* Release */,
			);
			defaultConfigurationIsVisible = 0;
			defaultConfigurationName = Release;
		};
		103441222EBC30B80083F417 /* Build configuration list for PBXNativeTarget "food" */ = {
			isa = XCConfigurationList;
			buildConfigurations = (
				103441232EBC30B80083F417 /* Debug */,
				103441242EBC30B80083F417 /* Release */,
			);
			defaultConfigurationIsVisible = 0;
			defaultConfigurationName = Release;
		};
		103441252EBC30B80083F417 /* Build configuration list for PBXNativeTarget "foodTests" */ = {
			isa = XCConfigurationList;
			buildConfigurations = (
				103441262EBC30B80083F417 /* Debug */,
				103441272EBC30B80083F417 /* Release */,
			);
			defaultConfigurationIsVisible = 0;
			defaultConfigurationName = Release;
		};
		103441282EBC30B80083F417 /* Build configuration list for PBXNativeTarget "foodUITests" */ = {
			isa = XCConfigurationList;
			buildConfigurations = (
				103441292EBC30B80083F417 /* Debug */,
				1034412A2EBC30B80083F417 /* Release */,
			);
			defaultConfigurationIsVisible = 0;
			defaultConfigurationName = Release;
		};
/* End XCConfigurationList section */

/* Begin XCRemoteSwiftPackageReference section */
		1034412B2EBC32260083F417 /* XCRemoteSwiftPackageReference "firebase-ios-sdk" */ = {
			isa = XCRemoteSwiftPackageReference;
			repositoryURL = "https://github.com/firebase/firebase-ios-sdk";
			requirement = {
				kind = upToNextMajorVersion;
				minimumVersion = 12.5.0;
			};
		};
		103441362EBC348E0083F417 /* XCRemoteSwiftPackageReference "SDWebImageSwiftUI" */ = {
			isa = XCRemoteSwiftPackageReference;
			repositoryURL = "https://github.com/SDWebImage/SDWebImageSwiftUI.git";
			requirement = {
				kind = upToNextMajorVersion;
				minimumVersion = 3.1.4;
			};
		};
		103441392EBC37130083F417 /* XCRemoteSwiftPackageReference "GoogleSignIn-iOS" */ = {
			isa = XCRemoteSwiftPackageReference;
			repositoryURL = "https://github.com/google/GoogleSignIn-iOS";
			requirement = {
				kind = upToNextMajorVersion;
				minimumVersion = 9.0.0;
			};
		};
/* End XCRemoteSwiftPackageReference section */

/* Begin XCSwiftPackageProductDependency section */
		1034412C2EBC32260083F417 /* FirebaseAI */ = {
			isa = XCSwiftPackageProductDependency;
			package = 1034412B2EBC32260083F417 /* XCRemoteSwiftPackageReference "firebase-ios-sdk" */;
			productName = FirebaseAI;
		};
		1034412E2EBC32260083F417 /* FirebaseAILogic */ = {
			isa = XCSwiftPackageProductDependency;
			package = 1034412B2EBC32260083F417 /* XCRemoteSwiftPackageReference "firebase-ios-sdk" */;
			productName = FirebaseAILogic;
		};
		103441302EBC32260083F417 /* FirebaseAnalytics */ = {
			isa = XCSwiftPackageProductDependency;
			package = 1034412B2EBC32260083F417 /* XCRemoteSwiftPackageReference "firebase-ios-sdk" */;
			productName = FirebaseAnalytics;
		};
		103441322EBC32260083F417 /* FirebaseAnalyticsCore */ = {
			isa = XCSwiftPackageProductDependency;
			package = 1034412B2EBC32260083F417 /* XCRemoteSwiftPackageReference "firebase-ios-sdk" */;
			productName = FirebaseAnalyticsCore;
		};
		103441342EBC32260083F417 /* FirebaseAnalyticsIdentitySupport */ = {
			isa = XCSwiftPackageProductDependency;
			package = 1034412B2EBC32260083F417 /* XCRemoteSwiftPackageReference "firebase-ios-sdk" */;
			productName = FirebaseAnalyticsIdentitySupport;
		};
		103441372EBC348E0083F417 /* SDWebImageSwiftUI */ = {
			isa = XCSwiftPackageProductDependency;
			package = 103441362EBC348E0083F417 /* XCRemoteSwiftPackageReference "SDWebImageSwiftUI" */;
			productName = SDWebImageSwiftUI;
		};
		1034413A2EBC37130083F417 /* GoogleSignIn */ = {
			isa = XCSwiftPackageProductDependency;
			package = 103441392EBC37130083F417 /* XCRemoteSwiftPackageReference "GoogleSignIn-iOS" */;
			productName = GoogleSignIn;
		};
		1034413C2EBC37130083F417 /* GoogleSignInSwift */ = {
			isa = XCSwiftPackageProductDependency;
			package = 103441392EBC37130083F417 /* XCRemoteSwiftPackageReference "GoogleSignIn-iOS" */;
			productName = GoogleSignInSwift;
		};
		103441BB2EBD010B0083F417 /* FirebaseAuth */ = {
			isa = XCSwiftPackageProductDependency;
			package = 1034412B2EBC32260083F417 /* XCRemoteSwiftPackageReference "firebase-ios-sdk" */;
			productName = FirebaseAuth;
		};
		103441C12EBD16240083F417 /* FirebaseFirestore */ = {
			isa = XCSwiftPackageProductDependency;
			package = 1034412B2EBC32260083F417 /* XCRemoteSwiftPackageReference "firebase-ios-sdk" */;
			productName = FirebaseFirestore;
		};
		10AE0C352EC23D7A004C0A5F /* FirebaseStorage */ = {
			isa = XCSwiftPackageProductDependency;
			package = 1034412B2EBC32260083F417 /* XCRemoteSwiftPackageReference "firebase-ios-sdk" */;
			productName = FirebaseStorage;
		};
		28A6597A2EDA0CA000B36540 /* FirebaseMessaging */ = {
			isa = XCSwiftPackageProductDependency;
			package = 1034412B2EBC32260083F417 /* XCRemoteSwiftPackageReference "firebase-ios-sdk" */;
			productName = FirebaseMessaging;
		};
/* End XCSwiftPackageProductDependency section */
	};
	rootObject = 103440F92EBC30B50083F417 /* Project object */;
}
